
Microsoft Visual Studio Solution File, Format Version 12.00
# Visual Studio Version 17
VisualStudioVersion = 17.7.34003.232
MinimumVisualStudioVersion = 10.0.40219.1
Project("{FAE04EC0-301F-11D3-BF4B-00C04F79EFBC}") = "HotelManagement", "HotelManagement\HotelManagement.csproj", "{E8CC4555-CE8A-47D2-98E5-E54F284CF04A}"
EndProject
Global
	GlobalSection(SolutionConfigurationPlatforms) = preSolution
		Debug|Any CPU = Debug|Any CPU
		Release|Any CPU = Release|Any CPU
	EndGlobalSection
	GlobalSection(ProjectConfigurationPlatforms) = postSolution
		{E8CC4555-CE8A-47D2-98E5-E54F284CF04A}.Debug|Any CPU.ActiveCfg = Debug|Any CPU
		{E8CC4555-CE8A-47D2-98E5-E54F284CF04A}.Debug|Any CPU.Build.0 = Debug|Any CPU
		{E8CC4555-CE8A-47D2-98E5-E54F284CF04A}.Release|Any CPU.ActiveCfg = Release|Any CPU
		{E8CC4555-CE8A-47D2-98E5-E54F284CF04A}.Release|Any CPU.Build.0 = Release|Any CPU
	EndGlobalSection
	GlobalSection(SolutionProperties) = preSolution
		HideSolutionNode = FALSE
	EndGlobalSection
	GlobalSection(ExtensibilityGlobals) = postSolution
		SolutionGuid = {921A3F8C-D225-46D6-9974-89D8641CAE34}
	EndGlobalSection
EndGlobal
